// !$*UTF8*$!
{
	archiveVersion = 1;
	classes = {
	};
	objectVersion = 77;
	objects = {

/* Begin PBXBuildFile section */
		B86399D62F6D8FFF00E34596 /* GoogleService-Info.plist in Resources */ = {isa = PBXBuildFile; fileRef = B86399CC2F6D8FFF00E34596 /* GoogleService-Info.plist */; };
		B86399D72F6D8FFF00E34596 /* Assets.xcassets in Resources */ = {isa = PBXBuildFile; fileRef = B86399C52F6D8FFF00E34596 /* Assets.xcassets */; };
		B86399D82F6D8FFF00E34596 /* SplashView.swift in Sources */ = {isa = PBXBuildFile; fileRef = B86399D12F6D8FFF00E34596 /* SplashView.swift */; };
		B86399D92F6D8FFF00E34596 /* ThemeModel.swift in Sources */ = {isa = PBXBuildFile; fileRef = B86399D32F6D8FFF00E34596 /* ThemeModel.swift */; };
		B86399DA2F6D8FFF00E34596 /* DisplayView.swift in Sources */ = {isa = PBXBuildFile; fileRef = B86399C92F6D8FFF00E34596 /* DisplayView.swift */; };
		B86399DB2F6D8FFF00E34596 /* HistoryView.swift in Sources */ = {isa = PBXBuildFile; fileRef = B86399CE2F6D8FFF00E34596 /* HistoryView.swift */; };
		B86399DC2F6D8FFF00E34596 /* CalculatorViewModel.swift in Sources */ = {isa = PBXBuildFile; fileRef = B86399C72F6D8FFF00E34596 /* CalculatorViewModel.swift */; };
		B86399DD2F6D8FFF00E34596 /* KeyboardView.swift in Sources */ = {isa = PBXBuildFile; fileRef = B86399D02F6D8FFF00E34596 /* KeyboardView.swift */; };
		B86399DE2F6D8FFF00E34596 /* Calculator.swift in Sources */ = {isa = PBXBuildFile; fileRef = B86399C62F6D8FFF00E34596 /* Calculator.swift */; };
		B86399DF2F6D8FFF00E34596 /* FirebaseService.swift in Sources */ = {isa = PBXBuildFile; fileRef = B86399CB2F6D8FFF00E34596 /* FirebaseService.swift */; };
		B86399E02F6D8FFF00E34596 /* FetchingApp.swift in Sources */ = {isa = PBXBuildFile; fileRef = B86399CA2F6D8FFF00E34596 /* FetchingApp.swift */; };
		B86399E12F6D8FFF00E34596 /* ThemeEditorView.swift in Sources */ = {isa = PBXBuildFile; fileRef = B86399D22F6D8FFF00E34596 /* ThemeEditorView.swift */; };
		B86399E22F6D8FFF00E34596 /* ContentView.swift in Sources */ = {isa = PBXBuildFile; fileRef = B86399C82F6D8FFF00E34596 /* ContentView.swift */; };
		B86399E32F6D8FFF00E34596 /* HistoryItem.swift in Sources */ = {isa = PBXBuildFile; fileRef = B86399CD2F6D8FFF00E34596 /* HistoryItem.swift */; };
		B867BC0A2F7A77C600D0DA5E /* FirebaseCore in Frameworks */ = {isa = PBXBuildFile; productRef = B8F7A0102F6D000000000001 /* FirebaseCore */; };
		B867BC0B2F7A77C600D0DA5E /* FirebaseFirestore in Frameworks */ = {isa = PBXBuildFile; productRef = B8F7A0112F6D000000000001 /* FirebaseFirestore */; };
		B867BC0C2F7A77C600D0DA5E /* FirebaseMessaging in Frameworks */ = {isa = PBXBuildFile; productRef = B8F7A0122F6D000000000001 /* FirebaseMessaging */; };
/* End PBXBuildFile section */

/* Begin PBXFileReference section */
		B86399C52F6D8FFF00E34596 /* Assets.xcassets */ = {isa = PBXFileReference; lastKnownFileType = folder.assetcatalog; path = Assets.xcassets; sourceTree = "<group>"; };
		B86399C62F6D8FFF00E34596 /* Calculator.swift */ = {isa = PBXFileReference; lastKnownFileType = sourcecode.swift; path = Calculator.swift; sourceTree = "<group>"; };
		B86399C72F6D8FFF00E34596 /* CalculatorViewModel.swift */ = {isa = PBXFileReference; lastKnownFileType = sourcecode.swift; path = CalculatorViewModel.swift; sourceTree = "<group>"; };
		B86399C82F6D8FFF00E34596 /* ContentView.swift */ = {isa = PBXFileReference; lastKnownFileType = sourcecode.swift; path = ContentView.swift; sourceTree = "<group>"; };
		B86399C92F6D8FFF00E34596 /* DisplayView.swift */ = {isa = PBXFileReference; lastKnownFileType = sourcecode.swift; path = DisplayView.swift; sourceTree = "<group>"; };
		B86399CA2F6D8FFF00E34596 /* FetchingApp.swift */ = {isa = PBXFileReference; lastKnownFileType = sourcecode.swift; path = FetchingApp.swift; sourceTree = "<group>"; };
		B86399CB2F6D8FFF00E34596 /* FirebaseService.swift */ = {isa = PBXFileReference; lastKnownFileType = sourcecode.swift; path = FirebaseService.swift; sourceTree = "<group>"; };
		B86399CC2F6D8FFF00E34596 /* GoogleService-Info.plist */ = {isa = PBXFileReference; lastKnownFileType = text.plist.xml; path = "GoogleService-Info.plist"; sourceTree = "<group>"; };
		B86399CD2F6D8FFF00E34596 /* HistoryItem.swift */ = {isa = PBXFileReference; lastKnownFileType = sourcecode.swift; path = HistoryItem.swift; sourceTree = "<group>"; };
		B86399CE2F6D8FFF00E34596 /* HistoryView.swift */ = {isa = PBXFileReference; lastKnownFileType = sourcecode.swift; path = HistoryView.swift; sourceTree = "<group>"; };
		B86399CF2F6D8FFF00E34596 /* Info.plist */ = {isa = PBXFileReference; lastKnownFileType = text.plist.xml; path = Info.plist; sourceTree = "<group>"; };
		B86399D02F6D8FFF00E34596 /* KeyboardView.swift */ = {isa = PBXFileReference; lastKnownFileType = sourcecode.swift; path = KeyboardView.swift; sourceTree = "<group>"; };
		B86399D12F6D8FFF00E34596 /* SplashView.swift */ = {isa = PBXFileReference; lastKnownFileType = sourcecode.swift; path = SplashView.swift; sourceTree = "<group>"; };
		B86399D22F6D8FFF00E34596 /* ThemeEditorView.swift */ = {isa = PBXFileReference; lastKnownFileType = sourcecode.swift; path = ThemeEditorView.swift; sourceTree = "<group>"; };
		B86399D32F6D8FFF00E34596 /* ThemeModel.swift */ = {isa = PBXFileReference; lastKnownFileType = sourcecode.swift; path = ThemeModel.swift; sourceTree = "<group>"; };
		B8F7A0012F6D000000000001 /* Fetching.app */ = {isa = PBXFileReference; explicitFileType = wrapper.application; includeInIndex = 0; path = Fetching.app; sourceTree = BUILT_PRODUCTS_DIR; };
/* End PBXFileReference section */

/* Begin PBXFrameworksBuildPhase section */
		B8F7A0032F6D000000000001 /* Frameworks */ = {
			isa = PBXFrameworksBuildPhase;
			buildActionMask = 2147483647;
			files = (
				B867BC0C2F7A77C600D0DA5E /* FirebaseMessaging in Frameworks */,
				B867BC0B2F7A77C600D0DA5E /* FirebaseFirestore in Frameworks */,
				B867BC0A2F7A77C600D0DA5E /* FirebaseCore in Frameworks */,
			);
			runOnlyForDeploymentPostprocessing = 0;
		};
/* End PBXFrameworksBuildPhase section */

/* Begin PBXGroup section */
		B86399D42F6D8FFF00E34596 /* Fetching */ = {
			isa = PBXGroup;
			children = (
				B86399C52F6D8FFF00E34596 /* Assets.xcassets */,
				B86399C62F6D8FFF00E34596 /* Calculator.swift */,
				B86399C72F6D8FFF00E34596 /* CalculatorViewModel.swift */,
				B86399C82F6D8FFF00E34596 /* ContentView.swift */,
				B86399C92F6D8FFF00E34596 /* DisplayView.swift */,
				B86399CA2F6D8FFF00E34596 /* FetchingApp.swift */,
				B86399CB2F6D8FFF00E34596 /* FirebaseService.swift */,
				B86399CC2F6D8FFF00E34596 /* GoogleService-Info.plist */,
				B86399CD2F6D8FFF00E34596 /* HistoryItem.swift */,
				B86399CE2F6D8FFF00E34596 /* HistoryView.swift */,
				B86399CF2F6D8FFF00E34596 /* Info.plist */,
				B86399D02F6D8FFF00E34596 /* KeyboardView.swift */,
				B86399D12F6D8FFF00E34596 /* SplashView.swift */,
				B86399D22F6D8FFF00E34596 /* ThemeEditorView.swift */,
				B86399D32F6D8FFF00E34596 /* ThemeModel.swift */,
			);
			path = Fetching;
			sourceTree = "<group>";
		};
		B8F7A0042F6D000000000001 = {
			isa = PBXGroup;
			children = (
				B86399D42F6D8FFF00E34596 /* Fetching */,
				B8F7A0052F6D000000000001 /* Products */,
			);
			sourceTree = "<group>";
		};
		B8F7A0052F6D000000000001 /* Products */ = {
			isa = PBXGroup;
			children = (
				B8F7A0012F6D000000000001 /* Fetching.app */,
			);
			name = Products;
			sourceTree = "<group>";
		};
/* End PBXGroup section */

/* Begin PBXNativeTarget section */
		B8F7A0062F6D000000000001 /* Fetching */ = {
			isa = PBXNativeTarget;
			buildConfigurationList = B8F7A0072F6D000000000001 /* Build configuration list for PBXNativeTarget "Fetching" */;
			buildPhases = (
				B8F7A0082F6D000000000001 /* Sources */,
				B8F7A0032F6D000000000001 /* Frameworks */,
				B8F7A0092F6D000000000001 /* Resources */,
			);
			buildRules = (
			);
			dependencies = (
			);
			name = Fetching;
			packageProductDependencies = (
				B8F7A0102F6D000000000001 /* FirebaseCore */,
				B8F7A0112F6D000000000001 /* FirebaseFirestore */,
				B8F7A0122F6D000000000001 /* FirebaseMessaging */,
			);
			productName = Fetching;
			productReference = B8F7A0012F6D000000000001 /* Fetching.app */;
			productType = "com.apple.product-type.application";
		};
/* End PBXNativeTarget section */

/* Begin PBXProject section */
		B8F7A00A2F6D000000000001 /* Project object */ = {
			isa = PBXProject;
			attributes = {
				BuildIndependentTargetsInParallel = 1;
				LastSwiftUpdateCheck = 2630;
				LastUpgradeCheck = 2630;
			};
			buildConfigurationList = B8F7A00B2F6D000000000001 /* Build configuration list for PBXProject "Fetching" */;
			developmentRegion = en;
			hasScannedForEncodings = 0;
			knownRegions = (
				en,
				Base,
			);
			mainGroup = B8F7A0042F6D000000000001;
			minimizedProjectReferenceProxies = 1;
			packageReferences = (
				B86399C42F6D8F4C00E34596 /* XCRemoteSwiftPackageReference "firebase-ios-sdk" */,
			);
			preferredProjectObjectVersion = 77;
			productRefGroup = B8F7A0052F6D000000000001 /* Products */;
			projectDirPath = "";
			projectRoot = "";
			targets = (
				B8F7A0062F6D000000000001 /* Fetching */,
			);
		};
/* End PBXProject section */

/* Begin PBXResourcesBuildPhase section */
		B8F7A0092F6D000000000001 /* Resources */ = {
			isa = PBXResourcesBuildPhase;
			buildActionMask = 2147483647;
			files = (
				B86399D62F6D8FFF00E34596 /* GoogleService-Info.plist in Resources */,
				B86399D72F6D8FFF00E34596 /* Assets.xcassets in Resources */,
			);
			runOnlyForDeploymentPostprocessing = 0;
		};
/* End PBXResourcesBuildPhase section */

/* Begin PBXSourcesBuildPhase section */
		B8F7A0082F6D000000000001 /* Sources */ = {
			isa = PBXSourcesBuildPhase;
			buildActionMask = 2147483647;
			files = (
				B86399D82F6D8FFF00E34596 /* SplashView.swift in Sources */,
				B86399D92F6D8FFF00E34596 /* ThemeModel.swift in Sources */,
				B86399DA2F6D8FFF00E34596 /* DisplayView.swift in Sources */,
				B86399DB2F6D8FFF00E34596 /* HistoryView.swift in Sources */,
				B86399DC2F6D8FFF00E34596 /* CalculatorViewModel.swift in Sources */,
				B86399DD2F6D8FFF00E34596 /* KeyboardView.swift in Sources */,
				B86399DE2F6D8FFF00E34596 /* Calculator.swift in Sources */,
				B86399DF2F6D8FFF00E34596 /* FirebaseService.swift in Sources */,
				B86399E02F6D8FFF00E34596 /* FetchingApp.swift in Sources */,
				B86399E12F6D8FFF00E34596 /* ThemeEditorView.swift in Sources */,
				B86399E22F6D8FFF00E34596 /* ContentView.swift in Sources */,
				B86399E32F6D8FFF00E34596 /* HistoryItem.swift in Sources */,
			);
			runOnlyForDeploymentPostprocessing = 0;
		};
/* End PBXSourcesBuildPhase section */

/* Begin XCBuildConfiguration section */
		B8F7A00C2F6D000000000001 /* Debug */ = {
			isa = XCBuildConfiguration;
			buildSettings = {
				ALWAYS_SEARCH_USER_PATHS = NO;
				ASSETCATALOG_COMPILER_GENERATE_SWIFT_ASSET_SYMBOL_EXTENSIONS = YES;
				CLANG_ANALYZER_NONNULL = YES;
				CLANG_ENABLE_MODULES = YES;
				CLANG_ENABLE_OBJC_ARC = YES;
				COPY_PHASE_STRIP = NO;
				DEBUG_INFORMATION_FORMAT = dwarf;
				GCC_OPTIMIZATION_LEVEL = 0;
				LOCALIZATION_PREFERS_STRING_CATALOGS = YES;
				ONLY_ACTIVE_ARCH = YES;
				SWIFT_ACTIVE_COMPILATION_CONDITIONS = "DEBUG $(inherited)";
				SWIFT_OPTIMIZATION_LEVEL = "-Onone";
			};
			name = Debug;
		};
		B8F7A00D2F6D000000000001 /* Release */ = {
			isa = XCBuildConfiguration;
			buildSettings = {
				ALWAYS_SEARCH_USER_PATHS = NO;
				ASSETCATALOG_COMPILER_GENERATE_SWIFT_ASSET_SYMBOL_EXTENSIONS = YES;
				CLANG_ANALYZER_NONNULL = YES;
				CLANG_ENABLE_MODULES = YES;
				CLANG_ENABLE_OBJC_ARC = YES;
				COPY_PHASE_STRIP = NO;
				DEBUG_INFORMATION_FORMAT = "dwarf-with-dsym";
				LOCALIZATION_PREFERS_STRING_CATALOGS = YES;
				SWIFT_COMPILATION_MODE = wholemodule;
			};
			name = Release;
		};
		B8F7A00E2F6D000000000001 /* Debug */ = {
			isa = XCBuildConfiguration;
			buildSettings = {
				ASSETCATALOG_COMPILER_APPICON_NAME = AppIcon;
				ASSETCATALOG_COMPILER_GLOBAL_ACCENT_COLOR_NAME = AccentColor;
				CODE_SIGN_STYLE = Automatic;
				CURRENT_PROJECT_VERSION = 1;
				DEVELOPMENT_TEAM = MN75Q6AQK5;
				GENERATE_INFOPLIST_FILE = NO;
				INFOPLIST_FILE = Fetching/Info.plist;
				IPHONEOS_DEPLOYMENT_TARGET = 18.0;
				LD_RUNPATH_SEARCH_PATHS = "@executable_path/Frameworks";
				MARKETING_VERSION = 1.0;
				PRODUCT_BUNDLE_IDENTIFIER = lab3.Fetching;
				PRODUCT_NAME = "$(TARGET_NAME)";
				SDKROOT = iphoneos;
				SUPPORTED_PLATFORMS = "iphoneos iphonesimulator";
				SWIFT_EMIT_LOC_STRINGS = YES;
				SWIFT_VERSION = 5.0;
				TARGETED_DEVICE_FAMILY = 1;
			};
			name = Debug;
		};
		B8F7A00F2F6D000000000001 /* Release */ = {
			isa = XCBuildConfiguration;
			buildSettings = {
				ASSETCATALOG_COMPILER_APPICON_NAME = AppIcon;
				ASSETCATALOG_COMPILER_GLOBAL_ACCENT_COLOR_NAME = AccentColor;
				CODE_SIGN_STYLE = Automatic;
				CURRENT_PROJECT_VERSION = 1;
				DEVELOPMENT_TEAM = MN75Q6AQK5;
				GENERATE_INFOPLIST_FILE = NO;
				INFOPLIST_FILE = Fetching/Info.plist;
				IPHONEOS_DEPLOYMENT_TARGET = 18.0;
				LD_RUNPATH_SEARCH_PATHS = "@executable_path/Frameworks";
				MARKETING_VERSION = 1.0;
				PRODUCT_BUNDLE_IDENTIFIER = lab3.Fetching;
				PRODUCT_NAME = "$(TARGET_NAME)";
				SDKROOT = iphoneos;
				SUPPORTED_PLATFORMS = "iphoneos iphonesimulator";
				SWIFT_EMIT_LOC_STRINGS = YES;
				SWIFT_VERSION = 5.0;
				TARGETED_DEVICE_FAMILY = 1;
			};
			name = Release;
		};
/* End XCBuildConfiguration section */

/* Begin XCConfigurationList section */
		B8F7A0072F6D000000000001 /* Build configuration list for PBXNativeTarget "Fetching" */ = {
			isa = XCConfigurationList;
			buildConfigurations = (
				B8F7A00E2F6D000000000001 /* Debug */,
				B8F7A00F2F6D000000000001 /* Release */,
			);
			defaultConfigurationIsVisible = 0;
			defaultConfigurationName = Release;
		};
		B8F7A00B2F6D000000000001 /* Build configuration list for PBXProject "Fetching" */ = {
			isa = XCConfigurationList;
			buildConfigurations = (
				B8F7A00C2F6D000000000001 /* Debug */,
				B8F7A00D2F6D000000000001 /* Release */,
			);
			defaultConfigurationIsVisible = 0;
			defaultConfigurationName = Release;
		};
/* End XCConfigurationList section */

/* Begin XCRemoteSwiftPackageReference section */
		B86399C42F6D8F4C00E34596 /* XCRemoteSwiftPackageReference "firebase-ios-sdk" */ = {
			isa = XCRemoteSwiftPackageReference;
			repositoryURL = "https://github.com/firebase/firebase-ios-sdk";
			requirement = {
				kind = upToNextMajorVersion;
				minimumVersion = 12.11.0;
			};
		};
/* End XCRemoteSwiftPackageReference section */

/* Begin XCSwiftPackageProductDependency section */
		B8F7A0102F6D000000000001 /* FirebaseCore */ = {
			isa = XCSwiftPackageProductDependency;
			package = B86399C42F6D8F4C00E34596 /* XCRemoteSwiftPackageReference "firebase-ios-sdk" */;
			productName = FirebaseCore;
		};
		B8F7A0112F6D000000000001 /* FirebaseFirestore */ = {
			isa = XCSwiftPackageProductDependency;
			package = B86399C42F6D8F4C00E34596 /* XCRemoteSwiftPackageReference "firebase-ios-sdk" */;
			productName = FirebaseFirestore;
		};
		B8F7A0122F6D000000000001 /* FirebaseMessaging */ = {
			isa = XCSwiftPackageProductDependency;
			package = B86399C42F6D8F4C00E34596 /* XCRemoteSwiftPackageReference "firebase-ios-sdk" */;
			productName = FirebaseMessaging;
		};
/* End XCSwiftPackageProductDependency section */
	};
	rootObject = B8F7A00A2F6D000000000001 /* Project object */;
}
